
Microsoft Visual Studio Solution File, Format Version 12.00
# Visual Studio Version 17
VisualStudioVersion = 17.7.34024.191
MinimumVisualStudioVersion = 10.0.40219.1
Project("{FAE04EC0-301F-11D3-BF4B-00C04F79EFBC}") = "xFences", "xFences\xFences.csproj", "{7AA56EF8-36EA-40F8-BA8C-BF5FBF604F73}"
EndProject
Project("{FAE04EC0-301F-11D3-BF4B-00C04F79EFBC}") = "Shell", "Shell\Shell.csproj", "{711CCF1F-6B8F-4E97-8D84-0EE679C83B41}"
EndProject
Global
	GlobalSection(SolutionConfigurationPlatforms) = preSolution
		Debug|Any CPU = Debug|Any CPU
		Release|Any CPU = Release|Any CPU
	EndGlobalSection
	GlobalSection(ProjectConfigurationPlatforms) = postSolution
		{7AA56EF8-36EA-40F8-BA8C-BF5FBF604F73}.Debug|Any CPU.ActiveCfg = Debug|Any CPU
		{7AA56EF8-36EA-40F8-BA8C-BF5FBF604F73}.Debug|Any CPU.Build.0 = Debug|Any CPU
		{7AA56EF8-36EA-40F8-BA8C-BF5FBF604F73}.Release|Any CPU.ActiveCfg = Release|Any CPU
		{7AA56EF8-36EA-40F8-BA8C-BF5FBF604F73}.Release|Any CPU.Build.0 = Release|Any CPU
		{711CCF1F-6B8F-4E97-8D84-0EE679C83B41}.Debug|Any CPU.ActiveCfg = Debug|Any CPU
		{711CCF1F-6B8F-4E97-8D84-0EE679C83B41}.Debug|Any CPU.Build.0 = Debug|Any CPU
		{711CCF1F-6B8F-4E97-8D84-0EE679C83B41}.Release|Any CPU.ActiveCfg = Release|Any CPU
		{711CCF1F-6B8F-4E97-8D84-0EE679C83B41}.Release|Any CPU.Build.0 = Release|Any CPU
	EndGlobalSection
	GlobalSection(SolutionProperties) = preSolution
		HideSolutionNode = FALSE
	EndGlobalSection
	GlobalSection(ExtensibilityGlobals) = postSolution
		SolutionGuid = {FBF8720A-54B8-40B9-AE34-3B078B47C780}
	EndGlobalSection
EndGlobal
